
Microsoft Visual Studio Solution File, Format Version 12.00
# Visual Studio Version 16
VisualStudioVersion = 16.0.31019.35
MinimumVisualStudioVersion = 10.0.40219.1
Project("{FAE04EC0-301F-11D3-BF4B-00C04F79EFBC}") = "ScottsPizzaFactory.ConsoleApp", "ScottsPizzaFactory.ConsoleApp\ScottsPizzaFactory.ConsoleApp.csproj", "{A896A950-8D78-409C-95A9-DE8049E1E84B}"
EndProject
Project("{FAE04EC0-301F-11D3-BF4B-00C04F79EFBC}") = "ScottsPizzaFactory.DataAccess", "ScottsPizzaFactory.DataAccess\ScottsPizzaFactory.DataAccess.csproj", "{14B1AB59-9829-4F13-AB94-B8EA2909004A}"
EndProject
Global
	GlobalSection(SolutionConfigurationPlatforms) = preSolution
		Debug|Any CPU = Debug|Any CPU
		Release|Any CPU = Release|Any CPU
	EndGlobalSection
	GlobalSection(ProjectConfigurationPlatforms) = postSolution
		{A896A950-8D78-409C-95A9-DE8049E1E84B}.Debug|Any CPU.ActiveCfg = Debug|Any CPU
		{A896A950-8D78-409C-95A9-DE8049E1E84B}.Debug|Any CPU.Build.0 = Debug|Any CPU
		{A896A950-8D78-409C-95A9-DE8049E1E84B}.Release|Any CPU.ActiveCfg = Release|Any CPU
		{A896A950-8D78-409C-95A9-DE8049E1E84B}.Release|Any CPU.Build.0 = Release|Any CPU
		{14B1AB59-9829-4F13-AB94-B8EA2909004A}.Debug|Any CPU.ActiveCfg = Debug|Any CPU
		{14B1AB59-9829-4F13-AB94-B8EA2909004A}.Debug|Any CPU.Build.0 = Debug|Any CPU
		{14B1AB59-9829-4F13-AB94-B8EA2909004A}.Release|Any CPU.ActiveCfg = Release|Any CPU
		{14B1AB59-9829-4F13-AB94-B8EA2909004A}.Release|Any CPU.Build.0 = Release|Any CPU
	EndGlobalSection
	GlobalSection(SolutionProperties) = preSolution
		HideSolutionNode = FALSE
	EndGlobalSection
	GlobalSection(ExtensibilityGlobals) = postSolution
		SolutionGuid = {88BC2AF8-3011-4CAE-9EFB-0A21FE1CAE49}
	EndGlobalSection
EndGlobal
